
Microsoft Visual Studio Solution File, Format Version 12.00
# Visual Studio Version 17
VisualStudioVersion = 17.12.35309.182
MinimumVisualStudioVersion = 10.0.40219.1
Project("{FAE04EC0-301F-11D3-BF4B-00C04F79EFBC}") = "C#ProHW27RabbitMQ", "C#ProHW27RabbitMQ.csproj", "{F85EF65E-19D0-46DD-BD91-CA65A9EAA714}"
EndProject
Global
	GlobalSection(SolutionConfigurationPlatforms) = preSolution
		Debug|Any CPU = Debug|Any CPU
		Release|Any CPU = Release|Any CPU
	EndGlobalSection
	GlobalSection(ProjectConfigurationPlatforms) = postSolution
		{F85EF65E-19D0-46DD-BD91-CA65A9EAA714}.Debug|Any CPU.ActiveCfg = Debug|Any CPU
		{F85EF65E-19D0-46DD-BD91-CA65A9EAA714}.Debug|Any CPU.Build.0 = Debug|Any CPU
		{F85EF65E-19D0-46DD-BD91-CA65A9EAA714}.Release|Any CPU.ActiveCfg = Release|Any CPU
		{F85EF65E-19D0-46DD-BD91-CA65A9EAA714}.Release|Any CPU.Build.0 = Release|Any CPU
	EndGlobalSection
	GlobalSection(SolutionProperties) = preSolution
		HideSolutionNode = FALSE
	EndGlobalSection
	GlobalSection(ExtensibilityGlobals) = postSolution
		SolutionGuid = {58C87B99-CF9A-4A5A-B3BD-F48EB3A38F01}
	EndGlobalSection
EndGlobal
